
Microsoft Visual Studio Solution File, Format Version 12.00
# Visual Studio Version 17
VisualStudioVersion = 17.12.35707.178
MinimumVisualStudioVersion = 10.0.40219.1
Project("{2150E333-8FDC-42A3-9474-1A3956D46DE8}") = "build", "build", "{00E3F6C2-CBE3-4A2B-8B7A-330D50F6F63B}"
	ProjectSection(SolutionItems) = preProject
		.github\workflows\publish-nuget-on-new-version-tags.yml = .github\workflows\publish-nuget-on-new-version-tags.yml
	EndProjectSection
EndProject
Project("{2150E333-8FDC-42A3-9474-1A3956D46DE8}") = "src", "src", "{066C2F94-9B48-46AF-A80A-908595428E2D}"
EndProject
Project("{2150E333-8FDC-42A3-9474-1A3956D46DE8}") = "test", "test", "{ECAE4478-D8C5-4FE4-A25D-FDC1A2CBB9CF}"
EndProject
Project("{FAE04EC0-301F-11D3-BF4B-00C04F79EFBC}") = "Fastchannel.HttpClient.Srm", "src\Fastchannel.HttpClient.Srm\Fastchannel.HttpClient.Srm.csproj", "{671D3DB4-5CE8-4520-B714-5C834D37CFBC}"
EndProject
Global
	GlobalSection(SolutionConfigurationPlatforms) = preSolution
		Debug|Any CPU = Debug|Any CPU
		Release|Any CPU = Release|Any CPU
	EndGlobalSection
	GlobalSection(ProjectConfigurationPlatforms) = postSolution
		{671D3DB4-5CE8-4520-B714-5C834D37CFBC}.Debug|Any CPU.ActiveCfg = Debug|Any CPU
		{671D3DB4-5CE8-4520-B714-5C834D37CFBC}.Debug|Any CPU.Build.0 = Debug|Any CPU
		{671D3DB4-5CE8-4520-B714-5C834D37CFBC}.Release|Any CPU.ActiveCfg = Release|Any CPU
		{671D3DB4-5CE8-4520-B714-5C834D37CFBC}.Release|Any CPU.Build.0 = Release|Any CPU
	EndGlobalSection
	GlobalSection(SolutionProperties) = preSolution
		HideSolutionNode = FALSE
	EndGlobalSection
	GlobalSection(NestedProjects) = preSolution
		{671D3DB4-5CE8-4520-B714-5C834D37CFBC} = {066C2F94-9B48-46AF-A80A-908595428E2D}
	EndGlobalSection
	GlobalSection(ExtensibilityGlobals) = postSolution
		SolutionGuid = {1EC8E231-061B-486A-BD2B-530F98E78EC6}
	EndGlobalSection
EndGlobal
